<Solution>
  <Project Path="CapaDeAccesoADatos_DAL/CapaDeAccesoADatos_DAL.csproj" />
  <Project Path="CapaDeEntidades/CapaDeEntidades.csproj" />
  <Project Path="CapaDeLogicaDeNegocio_BLL/CapaDeLogicaDeNegocio_BLL.csproj" />
  <Project Path="CapaDePresentacion_Web/CapaDePresentacion_Web.csproj" />
</Solution>
